
Microsoft Visual Studio Solution File, Format Version 12.00
# Visual Studio Version 17
VisualStudioVersion = 17.5.33530.505
MinimumVisualStudioVersion = 10.0.40219.1
Project("{FAE04EC0-301F-11D3-BF4B-00C04F79EFBC}") = "HackathonAssignment", "HackathonAssignment\HackathonAssignment.csproj", "{29A835AF-B85F-43A1-A0A4-0FE97FD10DCF}"
EndProject
Global
	GlobalSection(SolutionConfigurationPlatforms) = preSolution
		Debug|Any CPU = Debug|Any CPU
		Release|Any CPU = Release|Any CPU
	EndGlobalSection
	GlobalSection(ProjectConfigurationPlatforms) = postSolution
		{29A835AF-B85F-43A1-A0A4-0FE97FD10DCF}.Debug|Any CPU.ActiveCfg = Debug|Any CPU
		{29A835AF-B85F-43A1-A0A4-0FE97FD10DCF}.Debug|Any CPU.Build.0 = Debug|Any CPU
		{29A835AF-B85F-43A1-A0A4-0FE97FD10DCF}.Release|Any CPU.ActiveCfg = Release|Any CPU
		{29A835AF-B85F-43A1-A0A4-0FE97FD10DCF}.Release|Any CPU.Build.0 = Release|Any CPU
	EndGlobalSection
	GlobalSection(SolutionProperties) = preSolution
		HideSolutionNode = FALSE
	EndGlobalSection
	GlobalSection(ExtensibilityGlobals) = postSolution
		SolutionGuid = {407C0BB7-9589-4471-B594-360BF51B4289}
	EndGlobalSection
EndGlobal
